// !$*UTF8*$!
{
	archiveVersion = 1;
	classes = {
	};
	objectVersion = 55;
	objects = {

/* Begin PBXBuildFile section */
		BB7FEE1527B51A6D00E56997 /* AppDelegate.swift in Sources */ = {isa = PBXBuildFile; fileRef = BB7FEE1427B51A6D00E56997 /* AppDelegate.swift */; };
		BB7FEE1727B51A6D00E56997 /* SceneDelegate.swift in Sources */ = {isa = PBXBuildFile; fileRef = BB7FEE1627B51A6D00E56997 /* SceneDelegate.swift */; };
		BB7FEE1927B51A6D00E56997 /* ViewController.swift in Sources */ = {isa = PBXBuildFile; fileRef = BB7FEE1827B51A6D00E56997 /* ViewController.swift */; };
		BB7FEE1C27B51A6D00E56997 /* Main.storyboard in Resources */ = {isa = PBXBuildFile; fileRef = BB7FEE1A27B51A6D00E56997 /* Main.storyboard */; };
		BB7FEE1F27B51A6D00E56997 /* Pet_Community_Prototype.xcdatamodeld in Sources */ = {isa = PBXBuildFile; fileRef = BB7FEE1D27B51A6D00E56997 /* Pet_Community_Prototype.xcdatamodeld */; };
		BB7FEE2127B51A6E00E56997 /* Assets.xcassets in Resources */ = {isa = PBXBuildFile; fileRef = BB7FEE2027B51A6E00E56997 /* Assets.xcassets */; };
		BB7FEE2427B51A6E00E56997 /* LaunchScreen.storyboard in Resources */ = {isa = PBXBuildFile; fileRef = BB7FEE2227B51A6E00E56997 /* LaunchScreen.storyboard */; };
/* End PBXBuildFile section */

/* Begin PBXFileReference section */
		BB7FEE1127B51A6D00E56997 /* Pet-Community-Prototype.app */ = {isa = PBXFileReference; explicitFileType = wrapper.application; includeInIndex = 0; path = "Pet-Community-Prototype.app"; sourceTree = BUILT_PRODUCTS_DIR; };
		BB7FEE1427B51A6D00E56997 /* AppDelegate.swift */ = {isa = PBXFileReference; lastKnownFileType = sourcecode.swift; path = AppDelegate.swift; sourceTree = "<group>"; };
		BB7FEE1627B51A6D00E56997 /* SceneDelegate.swift */ = {isa = PBXFileReference; lastKnownFileType = sourcecode.swift; path = SceneDelegate.swift; sourceTree = "<group>"; };
		BB7FEE1827B51A6D00E56997 /* ViewController.swift */ = {isa = PBXFileReference; lastKnownFileType = sourcecode.swift; path = ViewController.swift; sourceTree = "<group>"; };
		BB7FEE1B27B51A6D00E56997 /* Base */ = {isa = PBXFileReference; lastKnownFileType = file.storyboard; name = Base; path = Base.lproj/Main.storyboard; sourceTree = "<group>"; };
		BB7FEE1E27B51A6D00E56997 /* Pet_Community_Prototype.xcdatamodel */ = {isa = PBXFileReference; lastKnownFileType = wrapper.xcdatamodel; path = Pet_Community_Prototype.xcdatamodel; sourceTree = "<group>"; };
		BB7FEE2027B51A6E00E56997 /* Assets.xcassets */ = {isa = PBXFileReference; lastKnownFileType = folder.assetcatalog; path = Assets.xcassets; sourceTree = "<group>"; };
		BB7FEE2327B51A6E00E56997 /* Base */ = {isa = PBXFileReference; lastKnownFileType = file.storyboard; name = Base; path = Base.lproj/LaunchScreen.storyboard; sourceTree = "<group>"; };
		BB7FEE2527B51A6E00E56997 /* Info.plist */ = {isa = PBXFileReference; lastKnownFileType = text.plist.xml; path = Info.plist; sourceTree = "<group>"; };
/* End PBXFileReference section */

/* Begin PBXFrameworksBuildPhase section */
		BB7FEE0E27B51A6D00E56997 /* Frameworks */ = {
			isa = PBXFrameworksBuildPhase;
			buildActionMask = 2147483647;
			files = (
			);
			runOnlyForDeploymentPostprocessing = 0;
		};
/* End PBXFrameworksBuildPhase section */

/* Begin PBXGroup section */
		BB7FEE0827B51A6D00E56997 = {
			isa = PBXGroup;
			children = (
				BB7FEE1327B51A6D00E56997 /* Pet-Community-Prototype */,
				BB7FEE1227B51A6D00E56997 /* Products */,
			);
			sourceTree = "<group>";
		};
		BB7FEE1227B51A6D00E56997 /* Products */ = {
			isa = PBXGroup;
			children = (
				BB7FEE1127B51A6D00E56997 /* Pet-Community-Prototype.app */,
			);
			name = Products;
			sourceTree = "<group>";
		};
		BB7FEE1327B51A6D00E56997 /* Pet-Community-Prototype */ = {
			isa = PBXGroup;
			children = (
				BB7FEE1427B51A6D00E56997 /* AppDelegate.swift */,
				BB7FEE1627B51A6D00E56997 /* SceneDelegate.swift */,
				BB7FEE2D27B51B3A00E56997 /* Models */,
				BB7FEE2B27B51B3000E56997 /* Views */,
				BB7FEE2C27B51B3500E56997 /* Controllers */,
				BB7FEE2027B51A6E00E56997 /* Assets.xcassets */,
				BB7FEE2227B51A6E00E56997 /* LaunchScreen.storyboard */,
				BB7FEE2527B51A6E00E56997 /* Info.plist */,
				BB7FEE1D27B51A6D00E56997 /* Pet_Community_Prototype.xcdatamodeld */,
			);
			path = "Pet-Community-Prototype";
			sourceTree = "<group>";
		};
		BB7FEE2B27B51B3000E56997 /* Views */ = {
			isa = PBXGroup;
			children = (
			);
			path = Views;
			sourceTree = "<group>";
		};
		BB7FEE2C27B51B3500E56997 /* Controllers */ = {
			isa = PBXGroup;
			children = (
				BB7FEE1827B51A6D00E56997 /* ViewController.swift */,
			);
			path = Controllers;
			sourceTree = "<group>";
		};
		BB7FEE2D27B51B3A00E56997 /* Models */ = {
			isa = PBXGroup;
			children = (
				BB7FEE1A27B51A6D00E56997 /* Main.storyboard */,
			);
			path = Models;
			sourceTree = "<group>";
		};
/* End PBXGroup section */

/* Begin PBXNativeTarget section */
		BB7FEE1027B51A6D00E56997 /* Pet-Community-Prototype */ = {
			isa = PBXNativeTarget;
			buildConfigurationList = BB7FEE2827B51A6E00E56997 /* Build configuration list for PBXNativeTarget "Pet-Community-Prototype" */;
			buildPhases = (
				BB7FEE0D27B51A6D00E56997 /* Sources */,
				BB7FEE0E27B51A6D00E56997 /* Frameworks */,
				BB7FEE0F27B51A6D00E56997 /* Resources */,
			);
			buildRules = (
			);
			dependencies = (
			);
			name = "Pet-Community-Prototype";
			productName = "Pet-Community-Prototype";
			productReference = BB7FEE1127B51A6D00E56997 /* Pet-Community-Prototype.app */;
			productType = "com.apple.product-type.application";
		};
/* End PBXNativeTarget section */

/* Begin PBXProject section */
		BB7FEE0927B51A6D00E56997 /* Project object */ = {
			isa = PBXProject;
			attributes = {
				BuildIndependentTargetsInParallel = 1;
				LastSwiftUpdateCheck = 1320;
				LastUpgradeCheck = 1320;
				TargetAttributes = {
					BB7FEE1027B51A6D00E56997 = {
						CreatedOnToolsVersion = 13.2.1;
					};
				};
			};
			buildConfigurationList = BB7FEE0C27B51A6D00E56997 /* Build configuration list for PBXProject "Pet-Community-Prototype" */;
			compatibilityVersion = "Xcode 13.0";
			developmentRegion = en;
			hasScannedForEncodings = 0;
			knownRegions = (
				en,
				Base,
			);
			mainGroup = BB7FEE0827B51A6D00E56997;
			productRefGroup = BB7FEE1227B51A6D00E56997 /* Products */;
			projectDirPath = "";
			projectRoot = "";
			targets = (
				BB7FEE1027B51A6D00E56997 /* Pet-Community-Prototype */,
			);
		};
/* End PBXProject section */

/* Begin PBXResourcesBuildPhase section */
		BB7FEE0F27B51A6D00E56997 /* Resources */ = {
			isa = PBXResourcesBuildPhase;
			buildActionMask = 2147483647;
			files = (
				BB7FEE2427B51A6E00E56997 /* LaunchScreen.storyboard in Resources */,
				BB7FEE2127B51A6E00E56997 /* Assets.xcassets in Resources */,
				BB7FEE1C27B51A6D00E56997 /* Main.storyboard in Resources */,
			);
			runOnlyForDeploymentPostprocessing = 0;
		};
/* End PBXResourcesBuildPhase section */

/* Begin PBXSourcesBuildPhase section */
		BB7FEE0D27B51A6D00E56997 /* Sources */ = {
			isa = PBXSourcesBuildPhase;
			buildActionMask = 2147483647;
			files = (
				BB7FEE1927B51A6D00E56997 /* ViewController.swift in Sources */,
				BB7FEE1527B51A6D00E56997 /* AppDelegate.swift in Sources */,
				BB7FEE1F27B51A6D00E56997 /* Pet_Community_Prototype.xcdatamodeld in Sources */,
				BB7FEE1727B51A6D00E56997 /* SceneDelegate.swift in Sources */,
			);
			runOnlyForDeploymentPostprocessing = 0;
		};
/* End PBXSourcesBuildPhase section */

/* Begin PBXVariantGroup section */
		BB7FEE1A27B51A6D00E56997 /* Main.storyboard */ = {
			isa = PBXVariantGroup;
			children = (
				BB7FEE1B27B51A6D00E56997 /* Base */,
			);
			name = Main.storyboard;
			sourceTree = "<group>";
		};
		BB7FEE2227B51A6E00E56997 /* LaunchScreen.storyboard */ = {
			isa = PBXVariantGroup;
			children = (
				BB7FEE2327B51A6E00E56997 /* Base */,
			);
			name = LaunchScreen.storyboard;
			sourceTree = "<group>";
		};
/* End PBXVariantGroup section */

/* Begin XCBuildConfiguration section */
		BB7FEE2627B51A6E00E56997 /* Debug */ = {
			isa = XCBuildConfiguration;
			buildSettings = {
				ALWAYS_SEARCH_USER_PATHS = NO;
				CLANG_ANALYZER_NONNULL = YES;
				CLANG_ANALYZER_NUMBER_OBJECT_CONVERSION = YES_AGGRESSIVE;
				CLANG_CXX_LANGUAGE_STANDARD = "gnu++17";
				CLANG_CXX_LIBRARY = "libc++";
				CLANG_ENABLE_MODULES = YES;
				CLANG_ENABLE_OBJC_ARC = YES;
				CLANG_ENABLE_OBJC_WEAK = YES;
				CLANG_WARN_BLOCK_CAPTURE_AUTORELEASING = YES;
				CLANG_WARN_BOOL_CONVERSION = YES;
				CLANG_WARN_COMMA = YES;
				CLANG_WARN_CONSTANT_CONVERSION = YES;
				CLANG_WARN_DEPRECATED_OBJC_IMPLEMENTATIONS = YES;
				CLANG_WARN_DIRECT_OBJC_ISA_USAGE = YES_ERROR;
				CLANG_WARN_DOCUMENTATION_COMMENTS = YES;
				CLANG_WARN_EMPTY_BODY = YES;
				CLANG_WARN_ENUM_CONVERSION = YES;
				CLANG_WARN_INFINITE_RECURSION = YES;
				CLANG_WARN_INT_CONVERSION = YES;
				CLANG_WARN_NON_LITERAL_NULL_CONVERSION = YES;
				CLANG_WARN_OBJC_IMPLICIT_RETAIN_SELF = YES;
				CLANG_WARN_OBJC_LITERAL_CONVERSION = YES;
				CLANG_WARN_OBJC_ROOT_CLASS = YES_ERROR;
				CLANG_WARN_QUOTED_INCLUDE_IN_FRAMEWORK_HEADER = YES;
				CLANG_WARN_RANGE_LOOP_ANALYSIS = YES;
				CLANG_WARN_STRICT_PROTOTYPES = YES;
				CLANG_WARN_SUSPICIOUS_MOVE = YES;
				CLANG_WARN_UNGUARDED_AVAILABILITY = YES_AGGRESSIVE;
				CLANG_WARN_UNREACHABLE_CODE = YES;
				CLANG_WARN__DUPLICATE_METHOD_MATCH = YES;
				COPY_PHASE_STRIP = NO;
				DEBUG_INFORMATION_FORMAT = dwarf;
				ENABLE_STRICT_OBJC_MSGSEND = YES;
				ENABLE_TESTABILITY = YES;
				GCC_C_LANGUAGE_STANDARD = gnu11;
				GCC_DYNAMIC_NO_PIC = NO;
				GCC_NO_COMMON_BLOCKS = YES;
				GCC_OPTIMIZATION_LEVEL = 0;
				GCC_PREPROCESSOR_DEFINITIONS = (
					"DEBUG=1",
					"$(inherited)",
				);
				GCC_WARN_64_TO_32_BIT_CONVERSION = YES;
				GCC_WARN_ABOUT_RETURN_TYPE = YES_ERROR;
				GCC_WARN_UNDECLARED_SELECTOR = YES;
				GCC_WARN_UNINITIALIZED_AUTOS = YES_AGGRESSIVE;
				GCC_WARN_UNUSED_FUNCTION = YES;
				GCC_WARN_UNUSED_VARIABLE = YES;
				IPHONEOS_DEPLOYMENT_TARGET = 15.2;
				MTL_ENABLE_DEBUG_INFO = INCLUDE_SOURCE;
				MTL_FAST_MATH = YES;
				ONLY_ACTIVE_ARCH = YES;
				SDKROOT = iphoneos;
				SWIFT_ACTIVE_COMPILATION_CONDITIONS = DEBUG;
				SWIFT_OPTIMIZATION_LEVEL = "-Onone";
			};
			name = Debug;
		};
		BB7FEE2727B51A6E00E56997 /* Release */ = {
			isa = XCBuildConfiguration;
			buildSettings = {
				ALWAYS_SEARCH_USER_PATHS = NO;
				CLANG_ANALYZER_NONNULL = YES;
				CLANG_ANALYZER_NUMBER_OBJECT_CONVERSION = YES_AGGRESSIVE;
				CLANG_CXX_LANGUAGE_STANDARD = "gnu++17";
				CLANG_CXX_LIBRARY = "libc++";
				CLANG_ENABLE_MODULES = YES;
				CLANG_ENABLE_OBJC_ARC = YES;
				CLANG_ENABLE_OBJC_WEAK = YES;
				CLANG_WARN_BLOCK_CAPTURE_AUTORELEASING = YES;
				CLANG_WARN_BOOL_CONVERSION = YES;
				CLANG_WARN_COMMA = YES;
				CLANG_WARN_CONSTANT_CONVERSION = YES;
				CLANG_WARN_DEPRECATED_OBJC_IMPLEMENTATIONS = YES;
				CLANG_WARN_DIRECT_OBJC_ISA_USAGE = YES_ERROR;
				CLANG_WARN_DOCUMENTATION_COMMENTS = YES;
				CLANG_WARN_EMPTY_BODY = YES;
				CLANG_WARN_ENUM_CONVERSION = YES;
				CLANG_WARN_INFINITE_RECURSION = YES;
				CLANG_WARN_INT_CONVERSION = YES;
				CLANG_WARN_NON_LITERAL_NULL_CONVERSION = YES;
				CLANG_WARN_OBJC_IMPLICIT_RETAIN_SELF = YES;
				CLANG_WARN_OBJC_LITERAL_CONVERSION = YES;
				CLANG_WARN_OBJC_ROOT_CLASS = YES_ERROR;
				CLANG_WARN_QUOTED_INCLUDE_IN_FRAMEWORK_HEADER = YES;
				CLANG_WARN_RANGE_LOOP_ANALYSIS = YES;
				CLANG_WARN_STRICT_PROTOTYPES = YES;
				CLANG_WARN_SUSPICIOUS_MOVE = YES;
				CLANG_WARN_UNGUARDED_AVAILABILITY = YES_AGGRESSIVE;
				CLANG_WARN_UNREACHABLE_CODE = YES;
				CLANG_WARN__DUPLICATE_METHOD_MATCH = YES;
				COPY_PHASE_STRIP = NO;
				DEBUG_INFORMATION_FORMAT = "dwarf-with-dsym";
				ENABLE_NS_ASSERTIONS = NO;
				ENABLE_STRICT_OBJC_MSGSEND = YES;
				GCC_C_LANGUAGE_STANDARD = gnu11;
				GCC_NO_COMMON_BLOCKS = YES;
				GCC_WARN_64_TO_32_BIT_CONVERSION = YES;
				GCC_WARN_ABOUT_RETURN_TYPE = YES_ERROR;
				GCC_WARN_UNDECLARED_SELECTOR = YES;
				GCC_WARN_UNINITIALIZED_AUTOS = YES_AGGRESSIVE;
				GCC_WARN_UNUSED_FUNCTION = YES;
				GCC_WARN_UNUSED_VARIABLE = YES;
				IPHONEOS_DEPLOYMENT_TARGET = 15.2;
				MTL_ENABLE_DEBUG_INFO = NO;
				MTL_FAST_MATH = YES;
				SDKROOT = iphoneos;
				SWIFT_COMPILATION_MODE = wholemodule;
				SWIFT_OPTIMIZATION_LEVEL = "-O";
				VALIDATE_PRODUCT = YES;
			};
			name = Release;
		};
		BB7FEE2927B51A6E00E56997 /* Debug */ = {
			isa = XCBuildConfiguration;
			buildSettings = {
				ASSETCATALOG_COMPILER_APPICON_NAME = AppIcon;
				ASSETCATALOG_COMPILER_GLOBAL_ACCENT_COLOR_NAME = AccentColor;
				CODE_SIGN_STYLE = Automatic;
				CURRENT_PROJECT_VERSION = 1;
				DEVELOPMENT_TEAM = 92B5D498S7;
				GENERATE_INFOPLIST_FILE = YES;
				INFOPLIST_FILE = "Pet-Community-Prototype/Info.plist";
				INFOPLIST_KEY_UIApplicationSupportsIndirectInputEvents = YES;
				INFOPLIST_KEY_UILaunchStoryboardName = LaunchScreen;
				INFOPLIST_KEY_UIMainStoryboardFile = Main;
				INFOPLIST_KEY_UISupportedInterfaceOrientations_iPad = "UIInterfaceOrientationPortrait UIInterfaceOrientationPortraitUpsideDown UIInterfaceOrientationLandscapeLeft UIInterfaceOrientationLandscapeRight";
				INFOPLIST_KEY_UISupportedInterfaceOrientations_iPhone = "UIInterfaceOrientationPortrait UIInterfaceOrientationLandscapeLeft UIInterfaceOrientationLandscapeRight";
				LD_RUNPATH_SEARCH_PATHS = (
					"$(inherited)",
					"@executable_path/Frameworks",
				);
				MARKETING_VERSION = 1.0;
				PRODUCT_BUNDLE_IDENTIFIER = "com.JaehoonSo.Pet-Community-Prototype";
				PRODUCT_NAME = "$(TARGET_NAME)";
				SWIFT_EMIT_LOC_STRINGS = YES;
				SWIFT_VERSION = 5.0;
				TARGETED_DEVICE_FAMILY = "1,2";
			};
			name = Debug;
		};
		BB7FEE2A27B51A6E00E56997 /* Release */ = {
			isa = XCBuildConfiguration;
			buildSettings = {
				ASSETCATALOG_COMPILER_APPICON_NAME = AppIcon;
				ASSETCATALOG_COMPILER_GLOBAL_ACCENT_COLOR_NAME = AccentColor;
				CODE_SIGN_STYLE = Automatic;
				CURRENT_PROJECT_VERSION = 1;
				DEVELOPMENT_TEAM = 92B5D498S7;
				GENERATE_INFOPLIST_FILE = YES;
				INFOPLIST_FILE = "Pet-Community-Prototype/Info.plist";
				INFOPLIST_KEY_UIApplicationSupportsIndirectInputEvents = YES;
				INFOPLIST_KEY_UILaunchStoryboardName = LaunchScreen;
				INFOPLIST_KEY_UIMainStoryboardFile = Main;
				INFOPLIST_KEY_UISupportedInterfaceOrientations_iPad = "UIInterfaceOrientationPortrait UIInterfaceOrientationPortraitUpsideDown UIInterfaceOrientationLandscapeLeft UIInterfaceOrientationLandscapeRight";
				INFOPLIST_KEY_UISupportedInterfaceOrientations_iPhone = "UIInterfaceOrientationPortrait UIInterfaceOrientationLandscapeLeft UIInterfaceOrientationLandscapeRight";
				LD_RUNPATH_SEARCH_PATHS = (
					"$(inherited)",
					"@executable_path/Frameworks",
				);
				MARKETING_VERSION = 1.0;
				PRODUCT_BUNDLE_IDENTIFIER = "com.JaehoonSo.Pet-Community-Prototype";
				PRODUCT_NAME = "$(TARGET_NAME)";
				SWIFT_EMIT_LOC_STRINGS = YES;
				SWIFT_VERSION = 5.0;
				TARGETED_DEVICE_FAMILY = "1,2";
			};
			name = Release;
		};
/* End XCBuildConfiguration section */

/* Begin XCConfigurationList section */
		BB7FEE0C27B51A6D00E56997 /* Build configuration list for PBXProject "Pet-Community-Prototype" */ = {
			isa = XCConfigurationList;
			buildConfigurations = (
				BB7FEE2627B51A6E00E56997 /* Debug */,
				BB7FEE2727B51A6E00E56997 /* Release */,
			);
			defaultConfigurationIsVisible = 0;
			defaultConfigurationName = Release;
		};
		BB7FEE2827B51A6E00E56997 /* Build configuration list for PBXNativeTarget "Pet-Community-Prototype" */ = {
			isa = XCConfigurationList;
			buildConfigurations = (
				BB7FEE2927B51A6E00E56997 /* Debug */,
				BB7FEE2A27B51A6E00E56997 /* Release */,
			);
			defaultConfigurationIsVisible = 0;
			defaultConfigurationName = Release;
		};
/* End XCConfigurationList section */

/* Begin XCVersionGroup section */
		BB7FEE1D27B51A6D00E56997 /* Pet_Community_Prototype.xcdatamodeld */ = {
			isa = XCVersionGroup;
			children = (
				BB7FEE1E27B51A6D00E56997 /* Pet_Community_Prototype.xcdatamodel */,
			);
			currentVersion = BB7FEE1E27B51A6D00E56997 /* Pet_Community_Prototype.xcdatamodel */;
			path = Pet_Community_Prototype.xcdatamodeld;
			sourceTree = "<group>";
			versionGroupType = wrapper.xcdatamodel;
		};
/* End XCVersionGroup section */
	};
	rootObject = BB7FEE0927B51A6D00E56997 /* Project object */;
}
